{
  "name": "prettier-plugin-svelte",
  "version": "0.0.0",
  "lockfileVersion": 1,
  "requires": true,
  "dependencies": {
    "@types/prettier": {
      "version": "1.13.2",
      "resolved": "https://registry.npmjs.org/@types/prettier/-/prettier-1.13.2.tgz",
      "integrity": "sha512-k6MCN8WuDiCj6O+UJsVMbrreZxkbrhQbO02oDj6yuRu8UAkp0MDdEcDKif8/gBKuJbT84kkO+VHQAqXkumEklg==",
      "dev": true
    },
    "prettier": {
      "version": "1.14.2",
      "resolved": "https://registry.npmjs.org/prettier/-/prettier-1.14.2.tgz",
      "integrity": "sha512-McHPg0n1pIke+A/4VcaS2en+pTNjy4xF+Uuq86u/5dyDO59/TtFZtQ708QIRkEZ3qwKz3GVkVa6mpxK/CpB8Rg=="
    },
    "svelte": {
      "version": "github:UnwrittenFun/svelte#df4ca0103d8c0c68f9277a4e0635b845a51a863a"
    },
    "typescript": {
      "version": "3.0.1",
      "resolved": "https://registry.npmjs.org/typescript/-/typescript-3.0.1.tgz",
      "integrity": "sha512-zQIMOmC+372pC/CCVLqnQ0zSBiY7HHodU7mpQdjiZddek4GMj31I3dUJ7gAs9o65X7mnRma6OokOkc6f9jjfBg==",
      "dev": true
    }
  }
}
